
Microsoft Visual Studio Solution File, Format Version 12.00
# Visual Studio 14
VisualStudioVersion = 14.0.25420.1
MinimumVisualStudioVersion = 10.0.40219.1
Project("{FAE04EC0-301F-11D3-BF4B-00C04F79EFBC}") = "DeploymentTest", "DeploymentTest\DeploymentTest.csproj", "{EE6A6DC3-2022-4BF4-AEE6-93BBF5E7CCE0}"
EndProject
Project("{FAE04EC0-301F-11D3-BF4B-00C04F79EFBC}") = "DeploymentTest.Tests", "DeploymentTest.Tests\DeploymentTest.Tests.csproj", "{90EFEE63-D2CB-4214-A99C-E571F2176F14}"
EndProject
Global
	GlobalSection(SolutionConfigurationPlatforms) = preSolution
		Debug|Any CPU = Debug|Any CPU
		Release|Any CPU = Release|Any CPU
	EndGlobalSection
	GlobalSection(ProjectConfigurationPlatforms) = postSolution
		{EE6A6DC3-2022-4BF4-AEE6-93BBF5E7CCE0}.Debug|Any CPU.ActiveCfg = Debug|Any CPU
		{EE6A6DC3-2022-4BF4-AEE6-93BBF5E7CCE0}.Debug|Any CPU.Build.0 = Debug|Any CPU
		{EE6A6DC3-2022-4BF4-AEE6-93BBF5E7CCE0}.Release|Any CPU.ActiveCfg = Release|Any CPU
		{EE6A6DC3-2022-4BF4-AEE6-93BBF5E7CCE0}.Release|Any CPU.Build.0 = Release|Any CPU
		{90EFEE63-D2CB-4214-A99C-E571F2176F14}.Debug|Any CPU.ActiveCfg = Debug|Any CPU
		{90EFEE63-D2CB-4214-A99C-E571F2176F14}.Debug|Any CPU.Build.0 = Debug|Any CPU
		{90EFEE63-D2CB-4214-A99C-E571F2176F14}.Release|Any CPU.ActiveCfg = Release|Any CPU
		{90EFEE63-D2CB-4214-A99C-E571F2176F14}.Release|Any CPU.Build.0 = Release|Any CPU
	EndGlobalSection
	GlobalSection(SolutionProperties) = preSolution
		HideSolutionNode = FALSE
	EndGlobalSection
EndGlobal
